// !$*UTF8*$!
{
	archiveVersion = 1;
	classes = {
	};
	objectVersion = 50;
	objects = {

/* Begin PBXBuildFile section */
		14D1B4DBB341D7C4AE74B917 /* Pods_PizzaCreation.framework in Frameworks */ = {isa = PBXBuildFile; fileRef = 1A1656F8E58D5411E08E40B6 /* Pods_PizzaCreation.framework */; };
		8416388820A387B1009C84EA /* SettingsViewController.swift in Sources */ = {isa = PBXBuildFile; fileRef = 8416388720A387B1009C84EA /* SettingsViewController.swift */; };
		8416388A20A38B82009C84EA /* Preferences.swift in Sources */ = {isa = PBXBuildFile; fileRef = 8416388920A38B82009C84EA /* Preferences.swift */; };
		843B111620B0B2120069A3F3 /* GoogleService-Info.plist in Resources */ = {isa = PBXBuildFile; fileRef = 843B111520B0B2110069A3F3 /* GoogleService-Info.plist */; };
		843FE52620B0B4600012C548 /* Date+toString.swift in Sources */ = {isa = PBXBuildFile; fileRef = 843FE52520B0B4600012C548 /* Date+toString.swift */; };
		8467962620B1D18B007F1AB7 /* Topping.swift in Sources */ = {isa = PBXBuildFile; fileRef = 8467962520B1D18B007F1AB7 /* Topping.swift */; };
		84C04C5F20A1E3F2004B2A8A /* AppDelegate.swift in Sources */ = {isa = PBXBuildFile; fileRef = 84C04C5E20A1E3F2004B2A8A /* AppDelegate.swift */; };
		84C04C6120A1E3F2004B2A8A /* TopPizzasViewController.swift in Sources */ = {isa = PBXBuildFile; fileRef = 84C04C6020A1E3F2004B2A8A /* TopPizzasViewController.swift */; };
		84C04C6420A1E3F2004B2A8A /* Main.storyboard in Resources */ = {isa = PBXBuildFile; fileRef = 84C04C6220A1E3F2004B2A8A /* Main.storyboard */; };
		84C04C6720A1E3F2004B2A8A /* PizzaCreation.xcdatamodeld in Sources */ = {isa = PBXBuildFile; fileRef = 84C04C6520A1E3F2004B2A8A /* PizzaCreation.xcdatamodeld */; };
		84C04C6920A1E3F2004B2A8A /* Assets.xcassets in Resources */ = {isa = PBXBuildFile; fileRef = 84C04C6820A1E3F2004B2A8A /* Assets.xcassets */; };
		84C04C6C20A1E3F2004B2A8A /* LaunchScreen.storyboard in Resources */ = {isa = PBXBuildFile; fileRef = 84C04C6A20A1E3F2004B2A8A /* LaunchScreen.storyboard */; };
		84C04C7420A1E411004B2A8A /* pizzas.json in Resources */ = {isa = PBXBuildFile; fileRef = 84C04C7320A1E410004B2A8A /* pizzas.json */; };
		84C04C7620A1EBC4004B2A8A /* PizzaService.swift in Sources */ = {isa = PBXBuildFile; fileRef = 84C04C7520A1EBC4004B2A8A /* PizzaService.swift */; };
		84C04C7820A1EC21004B2A8A /* Pizza.swift in Sources */ = {isa = PBXBuildFile; fileRef = 84C04C7720A1EC21004B2A8A /* Pizza.swift */; };
		84C41A9D20A5DE8800D93EA2 /* UIApplication+Delegate.swift in Sources */ = {isa = PBXBuildFile; fileRef = 84C41A9C20A5DE8800D93EA2 /* UIApplication+Delegate.swift */; };
		84C41AA120A5E1F300D93EA2 /* OrdersTableViewController.swift in Sources */ = {isa = PBXBuildFile; fileRef = 84C41AA020A5E1F300D93EA2 /* OrdersTableViewController.swift */; };
		84C41AA320A5E33B00D93EA2 /* Order.swift in Sources */ = {isa = PBXBuildFile; fileRef = 84C41AA220A5E33B00D93EA2 /* Order.swift */; };
		84C41AA520A5E40E00D93EA2 /* Entity.swift in Sources */ = {isa = PBXBuildFile; fileRef = 84C41AA420A5E40E00D93EA2 /* Entity.swift */; };
		84C41AA820A5F48F00D93EA2 /* Notification+Name.swift in Sources */ = {isa = PBXBuildFile; fileRef = 84C41AA720A5F48F00D93EA2 /* Notification+Name.swift */; };
		84D89C3C20A482F600A32DBC /* ToppingsViewController.swift in Sources */ = {isa = PBXBuildFile; fileRef = 84D89C3B20A482F600A32DBC /* ToppingsViewController.swift */; };
/* End PBXBuildFile section */

/* Begin PBXFileReference section */
		1A1656F8E58D5411E08E40B6 /* Pods_PizzaCreation.framework */ = {isa = PBXFileReference; explicitFileType = wrapper.framework; includeInIndex = 0; path = Pods_PizzaCreation.framework; sourceTree = BUILT_PRODUCTS_DIR; };
		4400C628D62647A6B9E97F8D /* Pods-PizzaCreation.debug.xcconfig */ = {isa = PBXFileReference; includeInIndex = 1; lastKnownFileType = text.xcconfig; name = "Pods-PizzaCreation.debug.xcconfig"; path = "Pods/Target Support Files/Pods-PizzaCreation/Pods-PizzaCreation.debug.xcconfig"; sourceTree = "<group>"; };
		8416388720A387B1009C84EA /* SettingsViewController.swift */ = {isa = PBXFileReference; lastKnownFileType = sourcecode.swift; path = SettingsViewController.swift; sourceTree = "<group>"; };
		8416388920A38B82009C84EA /* Preferences.swift */ = {isa = PBXFileReference; lastKnownFileType = sourcecode.swift; path = Preferences.swift; sourceTree = "<group>"; };
		843B111520B0B2110069A3F3 /* GoogleService-Info.plist */ = {isa = PBXFileReference; fileEncoding = 4; lastKnownFileType = text.plist.xml; path = "GoogleService-Info.plist"; sourceTree = "<group>"; };
		843FE52520B0B4600012C548 /* Date+toString.swift */ = {isa = PBXFileReference; lastKnownFileType = sourcecode.swift; path = "Date+toString.swift"; sourceTree = "<group>"; };
		8467962520B1D18B007F1AB7 /* Topping.swift */ = {isa = PBXFileReference; lastKnownFileType = sourcecode.swift; path = Topping.swift; sourceTree = "<group>"; };
		84C04C5B20A1E3F2004B2A8A /* PizzaCreation.app */ = {isa = PBXFileReference; explicitFileType = wrapper.application; includeInIndex = 0; path = PizzaCreation.app; sourceTree = BUILT_PRODUCTS_DIR; };
		84C04C5E20A1E3F2004B2A8A /* AppDelegate.swift */ = {isa = PBXFileReference; lastKnownFileType = sourcecode.swift; path = AppDelegate.swift; sourceTree = "<group>"; };
		84C04C6020A1E3F2004B2A8A /* TopPizzasViewController.swift */ = {isa = PBXFileReference; lastKnownFileType = sourcecode.swift; path = TopPizzasViewController.swift; sourceTree = "<group>"; };
		84C04C6320A1E3F2004B2A8A /* Base */ = {isa = PBXFileReference; lastKnownFileType = file.storyboard; name = Base; path = Base.lproj/Main.storyboard; sourceTree = "<group>"; };
		84C04C6620A1E3F2004B2A8A /* PizzaCreation.xcdatamodel */ = {isa = PBXFileReference; lastKnownFileType = wrapper.xcdatamodel; path = PizzaCreation.xcdatamodel; sourceTree = "<group>"; };
		84C04C6820A1E3F2004B2A8A /* Assets.xcassets */ = {isa = PBXFileReference; lastKnownFileType = folder.assetcatalog; path = Assets.xcassets; sourceTree = "<group>"; };
		84C04C6B20A1E3F2004B2A8A /* Base */ = {isa = PBXFileReference; lastKnownFileType = file.storyboard; name = Base; path = Base.lproj/LaunchScreen.storyboard; sourceTree = "<group>"; };
		84C04C6D20A1E3F2004B2A8A /* Info.plist */ = {isa = PBXFileReference; lastKnownFileType = text.plist.xml; path = Info.plist; sourceTree = "<group>"; };
		84C04C7320A1E410004B2A8A /* pizzas.json */ = {isa = PBXFileReference; fileEncoding = 4; lastKnownFileType = text.json; path = pizzas.json; sourceTree = "<group>"; };
		84C04C7520A1EBC4004B2A8A /* PizzaService.swift */ = {isa = PBXFileReference; lastKnownFileType = sourcecode.swift; path = PizzaService.swift; sourceTree = "<group>"; };
		84C04C7720A1EC21004B2A8A /* Pizza.swift */ = {isa = PBXFileReference; lastKnownFileType = sourcecode.swift; path = Pizza.swift; sourceTree = "<group>"; };
		84C41A9C20A5DE8800D93EA2 /* UIApplication+Delegate.swift */ = {isa = PBXFileReference; lastKnownFileType = sourcecode.swift; path = "UIApplication+Delegate.swift"; sourceTree = "<group>"; };
		84C41AA020A5E1F300D93EA2 /* OrdersTableViewController.swift */ = {isa = PBXFileReference; lastKnownFileType = sourcecode.swift; path = OrdersTableViewController.swift; sourceTree = "<group>"; };
		84C41AA220A5E33B00D93EA2 /* Order.swift */ = {isa = PBXFileReference; lastKnownFileType = sourcecode.swift; path = Order.swift; sourceTree = "<group>"; };
		84C41AA420A5E40E00D93EA2 /* Entity.swift */ = {isa = PBXFileReference; lastKnownFileType = sourcecode.swift; path = Entity.swift; sourceTree = "<group>"; };
		84C41AA720A5F48F00D93EA2 /* Notification+Name.swift */ = {isa = PBXFileReference; lastKnownFileType = sourcecode.swift; path = "Notification+Name.swift"; sourceTree = "<group>"; };
		84D89C3B20A482F600A32DBC /* ToppingsViewController.swift */ = {isa = PBXFileReference; lastKnownFileType = sourcecode.swift; path = ToppingsViewController.swift; sourceTree = "<group>"; };
		C1C5D6AA78C8CE9C7610029F /* Pods-PizzaCreation.release.xcconfig */ = {isa = PBXFileReference; includeInIndex = 1; lastKnownFileType = text.xcconfig; name = "Pods-PizzaCreation.release.xcconfig"; path = "Pods/Target Support Files/Pods-PizzaCreation/Pods-PizzaCreation.release.xcconfig"; sourceTree = "<group>"; };
/* End PBXFileReference section */

/* Begin PBXFrameworksBuildPhase section */
		84C04C5820A1E3F2004B2A8A /* Frameworks */ = {
			isa = PBXFrameworksBuildPhase;
			buildActionMask = 2147483647;
			files = (
				14D1B4DBB341D7C4AE74B917 /* Pods_PizzaCreation.framework in Frameworks */,
			);
			runOnlyForDeploymentPostprocessing = 0;
		};
/* End PBXFrameworksBuildPhase section */

/* Begin PBXGroup section */
		84C04C5220A1E3F1004B2A8A = {
			isa = PBXGroup;
			children = (
				84C04C5D20A1E3F2004B2A8A /* PizzaCreation */,
				84C04C5C20A1E3F2004B2A8A /* Products */,
				C95F4094AB84FFB87B4F6528 /* Pods */,
				A160BFBF3C4025DCAABA14EA /* Frameworks */,
			);
			sourceTree = "<group>";
		};
		84C04C5C20A1E3F2004B2A8A /* Products */ = {
			isa = PBXGroup;
			children = (
				84C04C5B20A1E3F2004B2A8A /* PizzaCreation.app */,
			);
			name = Products;
			sourceTree = "<group>";
		};
		84C04C5D20A1E3F2004B2A8A /* PizzaCreation */ = {
			isa = PBXGroup;
			children = (
				84D89C3920A482A300A32DBC /* ViewControllers */,
				84D89C3A20A482C200A32DBC /* Services */,
				84D89C3D20A48CF100A32DBC /* Model */,
				84C04C6220A1E3F2004B2A8A /* Main.storyboard */,
				84C04C6820A1E3F2004B2A8A /* Assets.xcassets */,
				843FE52520B0B4600012C548 /* Date+toString.swift */,
				84C04C6A20A1E3F2004B2A8A /* LaunchScreen.storyboard */,
				84C04C6D20A1E3F2004B2A8A /* Info.plist */,
				843B111520B0B2110069A3F3 /* GoogleService-Info.plist */,
				84C04C5E20A1E3F2004B2A8A /* AppDelegate.swift */,
			);
			path = PizzaCreation;
			sourceTree = "<group>";
		};
		84C41AA620A5F47900D93EA2 /* Extensions */ = {
			isa = PBXGroup;
			children = (
				84C41A9C20A5DE8800D93EA2 /* UIApplication+Delegate.swift */,
				84C41AA720A5F48F00D93EA2 /* Notification+Name.swift */,
			);
			path = Extensions;
			sourceTree = "<group>";
		};
		84D89C3920A482A300A32DBC /* ViewControllers */ = {
			isa = PBXGroup;
			children = (
				84C04C6020A1E3F2004B2A8A /* TopPizzasViewController.swift */,
				8416388720A387B1009C84EA /* SettingsViewController.swift */,
				84D89C3B20A482F600A32DBC /* ToppingsViewController.swift */,
				84C41AA020A5E1F300D93EA2 /* OrdersTableViewController.swift */,
			);
			path = ViewControllers;
			sourceTree = "<group>";
		};
		84D89C3A20A482C200A32DBC /* Services */ = {
			isa = PBXGroup;
			children = (
				84C04C7520A1EBC4004B2A8A /* PizzaService.swift */,
				8416388920A38B82009C84EA /* Preferences.swift */,
			);
			path = Services;
			sourceTree = "<group>";
		};
		84D89C3D20A48CF100A32DBC /* Model */ = {
			isa = PBXGroup;
			children = (
				84C04C7320A1E410004B2A8A /* pizzas.json */,
				84C04C6520A1E3F2004B2A8A /* PizzaCreation.xcdatamodeld */,
				84C04C7720A1EC21004B2A8A /* Pizza.swift */,
				84C41AA220A5E33B00D93EA2 /* Order.swift */,
				8467962520B1D18B007F1AB7 /* Topping.swift */,
				84C41AA420A5E40E00D93EA2 /* Entity.swift */,
				84C41AA620A5F47900D93EA2 /* Extensions */,
			);
			path = Model;
			sourceTree = "<group>";
		};
		A160BFBF3C4025DCAABA14EA /* Frameworks */ = {
			isa = PBXGroup;
			children = (
				1A1656F8E58D5411E08E40B6 /* Pods_PizzaCreation.framework */,
			);
			name = Frameworks;
			sourceTree = "<group>";
		};
		C95F4094AB84FFB87B4F6528 /* Pods */ = {
			isa = PBXGroup;
			children = (
				4400C628D62647A6B9E97F8D /* Pods-PizzaCreation.debug.xcconfig */,
				C1C5D6AA78C8CE9C7610029F /* Pods-PizzaCreation.release.xcconfig */,
			);
			name = Pods;
			sourceTree = "<group>";
		};
/* End PBXGroup section */

/* Begin PBXNativeTarget section */
		84C04C5A20A1E3F2004B2A8A /* PizzaCreation */ = {
			isa = PBXNativeTarget;
			buildConfigurationList = 84C04C7020A1E3F2004B2A8A /* Build configuration list for PBXNativeTarget "PizzaCreation" */;
			buildPhases = (
				6574D2C960E05FF1B2517D5E /* [CP] Check Pods Manifest.lock */,
				84C04C5720A1E3F2004B2A8A /* Sources */,
				84C04C5820A1E3F2004B2A8A /* Frameworks */,
				84C04C5920A1E3F2004B2A8A /* Resources */,
				A6363443F4B157F58C94C2EB /* [CP] Embed Pods Frameworks */,
			);
			buildRules = (
			);
			dependencies = (
			);
			name = PizzaCreation;
			productName = PizzaCreation;
			productReference = 84C04C5B20A1E3F2004B2A8A /* PizzaCreation.app */;
			productType = "com.apple.product-type.application";
		};
/* End PBXNativeTarget section */

/* Begin PBXProject section */
		84C04C5320A1E3F1004B2A8A /* Project object */ = {
			isa = PBXProject;
			attributes = {
				LastSwiftUpdateCheck = 0930;
				LastUpgradeCheck = 0930;
				ORGANIZATIONNAME = Admin;
				TargetAttributes = {
					84C04C5A20A1E3F2004B2A8A = {
						CreatedOnToolsVersion = 9.3;
					};
				};
			};
			buildConfigurationList = 84C04C5620A1E3F1004B2A8A /* Build configuration list for PBXProject "PizzaCreation" */;
			compatibilityVersion = "Xcode 9.3";
			developmentRegion = en;
			hasScannedForEncodings = 0;
			knownRegions = (
				en,
				Base,
			);
			mainGroup = 84C04C5220A1E3F1004B2A8A;
			productRefGroup = 84C04C5C20A1E3F2004B2A8A /* Products */;
			projectDirPath = "";
			projectRoot = "";
			targets = (
				84C04C5A20A1E3F2004B2A8A /* PizzaCreation */,
			);
		};
/* End PBXProject section */

/* Begin PBXResourcesBuildPhase section */
		84C04C5920A1E3F2004B2A8A /* Resources */ = {
			isa = PBXResourcesBuildPhase;
			buildActionMask = 2147483647;
			files = (
				84C04C7420A1E411004B2A8A /* pizzas.json in Resources */,
				84C04C6C20A1E3F2004B2A8A /* LaunchScreen.storyboard in Resources */,
				843B111620B0B2120069A3F3 /* GoogleService-Info.plist in Resources */,
				84C04C6920A1E3F2004B2A8A /* Assets.xcassets in Resources */,
				84C04C6420A1E3F2004B2A8A /* Main.storyboard in Resources */,
			);
			runOnlyForDeploymentPostprocessing = 0;
		};
/* End PBXResourcesBuildPhase section */

/* Begin PBXShellScriptBuildPhase section */
		6574D2C960E05FF1B2517D5E /* [CP] Check Pods Manifest.lock */ = {
			isa = PBXShellScriptBuildPhase;
			buildActionMask = 2147483647;
			files = (
			);
			inputPaths = (
				"${PODS_PODFILE_DIR_PATH}/Podfile.lock",
				"${PODS_ROOT}/Manifest.lock",
			);
			name = "[CP] Check Pods Manifest.lock";
			outputPaths = (
				"$(DERIVED_FILE_DIR)/Pods-PizzaCreation-checkManifestLockResult.txt",
			);
			runOnlyForDeploymentPostprocessing = 0;
			shellPath = /bin/sh;
			shellScript = "diff \"${PODS_PODFILE_DIR_PATH}/Podfile.lock\" \"${PODS_ROOT}/Manifest.lock\" > /dev/null\nif [ $? != 0 ] ; then\n    # print error to STDERR\n    echo \"error: The sandbox is not in sync with the Podfile.lock. Run 'pod install' or update your CocoaPods installation.\" >&2\n    exit 1\nfi\n# This output is used by Xcode 'outputs' to avoid re-running this script phase.\necho \"SUCCESS\" > \"${SCRIPT_OUTPUT_FILE_0}\"\n";
			showEnvVarsInLog = 0;
		};
		A6363443F4B157F58C94C2EB /* [CP] Embed Pods Frameworks */ = {
			isa = PBXShellScriptBuildPhase;
			buildActionMask = 2147483647;
			files = (
			);
			inputPaths = (
				"${SRCROOT}/Pods/Target Support Files/Pods-PizzaCreation/Pods-PizzaCreation-frameworks.sh",
				"${BUILT_PRODUCTS_DIR}/GoogleToolboxForMac/GoogleToolboxForMac.framework",
				"${BUILT_PRODUCTS_DIR}/leveldb-library/leveldb.framework",
				"${BUILT_PRODUCTS_DIR}/nanopb/nanopb.framework",
			);
			name = "[CP] Embed Pods Frameworks";
			outputPaths = (
				"${TARGET_BUILD_DIR}/${FRAMEWORKS_FOLDER_PATH}/GoogleToolboxForMac.framework",
				"${TARGET_BUILD_DIR}/${FRAMEWORKS_FOLDER_PATH}/leveldb.framework",
				"${TARGET_BUILD_DIR}/${FRAMEWORKS_FOLDER_PATH}/nanopb.framework",
			);
			runOnlyForDeploymentPostprocessing = 0;
			shellPath = /bin/sh;
			shellScript = "\"${SRCROOT}/Pods/Target Support Files/Pods-PizzaCreation/Pods-PizzaCreation-frameworks.sh\"\n";
			showEnvVarsInLog = 0;
		};
/* End PBXShellScriptBuildPhase section */

/* Begin PBXSourcesBuildPhase section */
		84C04C5720A1E3F2004B2A8A /* Sources */ = {
			isa = PBXSourcesBuildPhase;
			buildActionMask = 2147483647;
			files = (
				84C41AA120A5E1F300D93EA2 /* OrdersTableViewController.swift in Sources */,
				84C04C7620A1EBC4004B2A8A /* PizzaService.swift in Sources */,
				8416388A20A38B82009C84EA /* Preferences.swift in Sources */,
				8467962620B1D18B007F1AB7 /* Topping.swift in Sources */,
				84D89C3C20A482F600A32DBC /* ToppingsViewController.swift in Sources */,
				84C41AA320A5E33B00D93EA2 /* Order.swift in Sources */,
				84C04C6120A1E3F2004B2A8A /* TopPizzasViewController.swift in Sources */,
				84C41A9D20A5DE8800D93EA2 /* UIApplication+Delegate.swift in Sources */,
				843FE52620B0B4600012C548 /* Date+toString.swift in Sources */,
				84C04C6720A1E3F2004B2A8A /* PizzaCreation.xcdatamodeld in Sources */,
				84C41AA520A5E40E00D93EA2 /* Entity.swift in Sources */,
				84C04C7820A1EC21004B2A8A /* Pizza.swift in Sources */,
				84C41AA820A5F48F00D93EA2 /* Notification+Name.swift in Sources */,
				84C04C5F20A1E3F2004B2A8A /* AppDelegate.swift in Sources */,
				8416388820A387B1009C84EA /* SettingsViewController.swift in Sources */,
			);
			runOnlyForDeploymentPostprocessing = 0;
		};
/* End PBXSourcesBuildPhase section */

/* Begin PBXVariantGroup section */
		84C04C6220A1E3F2004B2A8A /* Main.storyboard */ = {
			isa = PBXVariantGroup;
			children = (
				84C04C6320A1E3F2004B2A8A /* Base */,
			);
			name = Main.storyboard;
			sourceTree = "<group>";
		};
		84C04C6A20A1E3F2004B2A8A /* LaunchScreen.storyboard */ = {
			isa = PBXVariantGroup;
			children = (
				84C04C6B20A1E3F2004B2A8A /* Base */,
			);
			name = LaunchScreen.storyboard;
			sourceTree = "<group>";
		};
/* End PBXVariantGroup section */

/* Begin XCBuildConfiguration section */
		84C04C6E20A1E3F2004B2A8A /* Debug */ = {
			isa = XCBuildConfiguration;
			buildSettings = {
				ALWAYS_SEARCH_USER_PATHS = NO;
				CLANG_ANALYZER_NONNULL = YES;
				CLANG_ANALYZER_NUMBER_OBJECT_CONVERSION = YES_AGGRESSIVE;
				CLANG_CXX_LANGUAGE_STANDARD = "gnu++14";
				CLANG_CXX_LIBRARY = "libc++";
				CLANG_ENABLE_MODULES = YES;
				CLANG_ENABLE_OBJC_ARC = YES;
				CLANG_ENABLE_OBJC_WEAK = YES;
				CLANG_WARN_BLOCK_CAPTURE_AUTORELEASING = YES;
				CLANG_WARN_BOOL_CONVERSION = YES;
				CLANG_WARN_COMMA = YES;
				CLANG_WARN_CONSTANT_CONVERSION = YES;
				CLANG_WARN_DEPRECATED_OBJC_IMPLEMENTATIONS = YES;
				CLANG_WARN_DIRECT_OBJC_ISA_USAGE = YES_ERROR;
				CLANG_WARN_DOCUMENTATION_COMMENTS = YES;
				CLANG_WARN_EMPTY_BODY = YES;
				CLANG_WARN_ENUM_CONVERSION = YES;
				CLANG_WARN_INFINITE_RECURSION = YES;
				CLANG_WARN_INT_CONVERSION = YES;
				CLANG_WARN_NON_LITERAL_NULL_CONVERSION = YES;
				CLANG_WARN_OBJC_IMPLICIT_RETAIN_SELF = YES;
				CLANG_WARN_OBJC_LITERAL_CONVERSION = YES;
				CLANG_WARN_OBJC_ROOT_CLASS = YES_ERROR;
				CLANG_WARN_RANGE_LOOP_ANALYSIS = YES;
				CLANG_WARN_STRICT_PROTOTYPES = YES;
				CLANG_WARN_SUSPICIOUS_MOVE = YES;
				CLANG_WARN_UNGUARDED_AVAILABILITY = YES_AGGRESSIVE;
				CLANG_WARN_UNREACHABLE_CODE = YES;
				CLANG_WARN__DUPLICATE_METHOD_MATCH = YES;
				CODE_SIGN_IDENTITY = "iPhone Developer";
				COPY_PHASE_STRIP = NO;
				DEBUG_INFORMATION_FORMAT = dwarf;
				ENABLE_STRICT_OBJC_MSGSEND = YES;
				ENABLE_TESTABILITY = YES;
				GCC_C_LANGUAGE_STANDARD = gnu11;
				GCC_DYNAMIC_NO_PIC = NO;
				GCC_NO_COMMON_BLOCKS = YES;
				GCC_OPTIMIZATION_LEVEL = 0;
				GCC_PREPROCESSOR_DEFINITIONS = (
					"DEBUG=1",
					"$(inherited)",
				);
				GCC_WARN_64_TO_32_BIT_CONVERSION = YES;
				GCC_WARN_ABOUT_RETURN_TYPE = YES_ERROR;
				GCC_WARN_UNDECLARED_SELECTOR = YES;
				GCC_WARN_UNINITIALIZED_AUTOS = YES_AGGRESSIVE;
				GCC_WARN_UNUSED_FUNCTION = YES;
				GCC_WARN_UNUSED_VARIABLE = YES;
				IPHONEOS_DEPLOYMENT_TARGET = 11.3;
				MTL_ENABLE_DEBUG_INFO = YES;
				ONLY_ACTIVE_ARCH = YES;
				SDKROOT = iphoneos;
				SWIFT_ACTIVE_COMPILATION_CONDITIONS = DEBUG;
				SWIFT_OPTIMIZATION_LEVEL = "-Onone";
			};
			name = Debug;
		};
		84C04C6F20A1E3F2004B2A8A /* Release */ = {
			isa = XCBuildConfiguration;
			buildSettings = {
				ALWAYS_SEARCH_USER_PATHS = NO;
				CLANG_ANALYZER_NONNULL = YES;
				CLANG_ANALYZER_NUMBER_OBJECT_CONVERSION = YES_AGGRESSIVE;
				CLANG_CXX_LANGUAGE_STANDARD = "gnu++14";
				CLANG_CXX_LIBRARY = "libc++";
				CLANG_ENABLE_MODULES = YES;
				CLANG_ENABLE_OBJC_ARC = YES;
				CLANG_ENABLE_OBJC_WEAK = YES;
				CLANG_WARN_BLOCK_CAPTURE_AUTORELEASING = YES;
				CLANG_WARN_BOOL_CONVERSION = YES;
				CLANG_WARN_COMMA = YES;
				CLANG_WARN_CONSTANT_CONVERSION = YES;
				CLANG_WARN_DEPRECATED_OBJC_IMPLEMENTATIONS = YES;
				CLANG_WARN_DIRECT_OBJC_ISA_USAGE = YES_ERROR;
				CLANG_WARN_DOCUMENTATION_COMMENTS = YES;
				CLANG_WARN_EMPTY_BODY = YES;
				CLANG_WARN_ENUM_CONVERSION = YES;
				CLANG_WARN_INFINITE_RECURSION = YES;
				CLANG_WARN_INT_CONVERSION = YES;
				CLANG_WARN_NON_LITERAL_NULL_CONVERSION = YES;
				CLANG_WARN_OBJC_IMPLICIT_RETAIN_SELF = YES;
				CLANG_WARN_OBJC_LITERAL_CONVERSION = YES;
				CLANG_WARN_OBJC_ROOT_CLASS = YES_ERROR;
				CLANG_WARN_RANGE_LOOP_ANALYSIS = YES;
				CLANG_WARN_STRICT_PROTOTYPES = YES;
				CLANG_WARN_SUSPICIOUS_MOVE = YES;
				CLANG_WARN_UNGUARDED_AVAILABILITY = YES_AGGRESSIVE;
				CLANG_WARN_UNREACHABLE_CODE = YES;
				CLANG_WARN__DUPLICATE_METHOD_MATCH = YES;
				CODE_SIGN_IDENTITY = "iPhone Developer";
				COPY_PHASE_STRIP = NO;
				DEBUG_INFORMATION_FORMAT = "dwarf-with-dsym";
				ENABLE_NS_ASSERTIONS = NO;
				ENABLE_STRICT_OBJC_MSGSEND = YES;
				GCC_C_LANGUAGE_STANDARD = gnu11;
				GCC_NO_COMMON_BLOCKS = YES;
				GCC_WARN_64_TO_32_BIT_CONVERSION = YES;
				GCC_WARN_ABOUT_RETURN_TYPE = YES_ERROR;
				GCC_WARN_UNDECLARED_SELECTOR = YES;
				GCC_WARN_UNINITIALIZED_AUTOS = YES_AGGRESSIVE;
				GCC_WARN_UNUSED_FUNCTION = YES;
				GCC_WARN_UNUSED_VARIABLE = YES;
				IPHONEOS_DEPLOYMENT_TARGET = 11.3;
				MTL_ENABLE_DEBUG_INFO = NO;
				SDKROOT = iphoneos;
				SWIFT_COMPILATION_MODE = wholemodule;
				SWIFT_OPTIMIZATION_LEVEL = "-O";
				VALIDATE_PRODUCT = YES;
			};
			name = Release;
		};
		84C04C7120A1E3F2004B2A8A /* Debug */ = {
			isa = XCBuildConfiguration;
			baseConfigurationReference = 4400C628D62647A6B9E97F8D /* Pods-PizzaCreation.debug.xcconfig */;
			buildSettings = {
				ASSETCATALOG_COMPILER_APPICON_NAME = AppIcon;
				CODE_SIGN_STYLE = Automatic;
				INFOPLIST_FILE = PizzaCreation/Info.plist;
				LD_RUNPATH_SEARCH_PATHS = (
					"$(inherited)",
					"@executable_path/Frameworks",
				);
				PRODUCT_BUNDLE_IDENTIFIER = com.mobileappscompany.PizzaCreation;
				PRODUCT_NAME = "$(TARGET_NAME)";
				SWIFT_VERSION = 4.0;
				TARGETED_DEVICE_FAMILY = "1,2";
			};
			name = Debug;
		};
		84C04C7220A1E3F2004B2A8A /* Release */ = {
			isa = XCBuildConfiguration;
			baseConfigurationReference = C1C5D6AA78C8CE9C7610029F /* Pods-PizzaCreation.release.xcconfig */;
			buildSettings = {
				ASSETCATALOG_COMPILER_APPICON_NAME = AppIcon;
				CODE_SIGN_STYLE = Automatic;
				INFOPLIST_FILE = PizzaCreation/Info.plist;
				LD_RUNPATH_SEARCH_PATHS = (
					"$(inherited)",
					"@executable_path/Frameworks",
				);
				PRODUCT_BUNDLE_IDENTIFIER = com.mobileappscompany.PizzaCreation;
				PRODUCT_NAME = "$(TARGET_NAME)";
				SWIFT_VERSION = 4.0;
				TARGETED_DEVICE_FAMILY = "1,2";
			};
			name = Release;
		};
/* End XCBuildConfiguration section */

/* Begin XCConfigurationList section */
		84C04C5620A1E3F1004B2A8A /* Build configuration list for PBXProject "PizzaCreation" */ = {
			isa = XCConfigurationList;
			buildConfigurations = (
				84C04C6E20A1E3F2004B2A8A /* Debug */,
				84C04C6F20A1E3F2004B2A8A /* Release */,
			);
			defaultConfigurationIsVisible = 0;
			defaultConfigurationName = Release;
		};
		84C04C7020A1E3F2004B2A8A /* Build configuration list for PBXNativeTarget "PizzaCreation" */ = {
			isa = XCConfigurationList;
			buildConfigurations = (
				84C04C7120A1E3F2004B2A8A /* Debug */,
				84C04C7220A1E3F2004B2A8A /* Release */,
			);
			defaultConfigurationIsVisible = 0;
			defaultConfigurationName = Release;
		};
/* End XCConfigurationList section */

/* Begin XCVersionGroup section */
		84C04C6520A1E3F2004B2A8A /* PizzaCreation.xcdatamodeld */ = {
			isa = XCVersionGroup;
			children = (
				84C04C6620A1E3F2004B2A8A /* PizzaCreation.xcdatamodel */,
			);
			currentVersion = 84C04C6620A1E3F2004B2A8A /* PizzaCreation.xcdatamodel */;
			path = PizzaCreation.xcdatamodeld;
			sourceTree = "<group>";
			versionGroupType = wrapper.xcdatamodel;
		};
/* End XCVersionGroup section */
	};
	rootObject = 84C04C5320A1E3F1004B2A8A /* Project object */;
}
